// !$*UTF8*$!
{
	archiveVersion = 1;
	classes = {
	};
	objectVersion = 46;
	objects = {

/* Begin PBXBuildFile section */
		B035CEF91583691B004855DB /* UIKit.framework in Frameworks */ = {isa = PBXBuildFile; fileRef = B035CEF81583691B004855DB /* UIKit.framework */; };
		B035CEFB1583691B004855DB /* Foundation.framework in Frameworks */ = {isa = PBXBuildFile; fileRef = B035CEFA1583691B004855DB /* Foundation.framework */; };
		B035CEFD1583691B004855DB /* CoreGraphics.framework in Frameworks */ = {isa = PBXBuildFile; fileRef = B035CEFC1583691B004855DB /* CoreGraphics.framework */; };
		B035CF031583691B004855DB /* InfoPlist.strings in Resources */ = {isa = PBXBuildFile; fileRef = B035CF011583691B004855DB /* InfoPlist.strings */; };
		B035CF051583691B004855DB /* main.m in Sources */ = {isa = PBXBuildFile; fileRef = B035CF041583691B004855DB /* main.m */; };
		B035CF091583691B004855DB /* AppDelegate.m in Sources */ = {isa = PBXBuildFile; fileRef = B035CF081583691B004855DB /* AppDelegate.m */; };
		B035CF0C1583691B004855DB /* MainStoryboard.storyboard in Resources */ = {isa = PBXBuildFile; fileRef = B035CF0A1583691B004855DB /* MainStoryboard.storyboard */; };
		B035CF0F1583691B004855DB /* FirstViewController.m in Sources */ = {isa = PBXBuildFile; fileRef = B035CF0E1583691B004855DB /* FirstViewController.m */; };
		B035CF111583691B004855DB /* first.png in Resources */ = {isa = PBXBuildFile; fileRef = B035CF101583691B004855DB /* first.png */; };
		B035CF131583691B004855DB /* first@2x.png in Resources */ = {isa = PBXBuildFile; fileRef = B035CF121583691B004855DB /* first@2x.png */; };
		B035CF161583691B004855DB /* SecondViewController.m in Sources */ = {isa = PBXBuildFile; fileRef = B035CF151583691B004855DB /* SecondViewController.m */; };
		B035CF181583691B004855DB /* second.png in Resources */ = {isa = PBXBuildFile; fileRef = B035CF171583691B004855DB /* second.png */; };
		B035CF1A1583691B004855DB /* second@2x.png in Resources */ = {isa = PBXBuildFile; fileRef = B035CF191583691B004855DB /* second@2x.png */; };
/* End PBXBuildFile section */

/* Begin PBXFileReference section */
		B035CEF41583691B004855DB /* transifoule.app */ = {isa = PBXFileReference; explicitFileType = wrapper.application; includeInIndex = 0; path = transifoule.app; sourceTree = BUILT_PRODUCTS_DIR; };
		B035CEF81583691B004855DB /* UIKit.framework */ = {isa = PBXFileReference; lastKnownFileType = wrapper.framework; name = UIKit.framework; path = System/Library/Frameworks/UIKit.framework; sourceTree = SDKROOT; };
		B035CEFA1583691B004855DB /* Foundation.framework */ = {isa = PBXFileReference; lastKnownFileType = wrapper.framework; name = Foundation.framework; path = System/Library/Frameworks/Foundation.framework; sourceTree = SDKROOT; };
		B035CEFC1583691B004855DB /* CoreGraphics.framework */ = {isa = PBXFileReference; lastKnownFileType = wrapper.framework; name = CoreGraphics.framework; path = System/Library/Frameworks/CoreGraphics.framework; sourceTree = SDKROOT; };
		B035CF001583691B004855DB /* transifoule-Info.plist */ = {isa = PBXFileReference; lastKnownFileType = text.plist.xml; path = "transifoule-Info.plist"; sourceTree = "<group>"; };
		B035CF021583691B004855DB /* en */ = {isa = PBXFileReference; lastKnownFileType = text.plist.strings; name = en; path = en.lproj/InfoPlist.strings; sourceTree = "<group>"; };
		B035CF041583691B004855DB /* main.m */ = {isa = PBXFileReference; lastKnownFileType = sourcecode.c.objc; path = main.m; sourceTree = "<group>"; };
		B035CF061583691B004855DB /* transifoule-Prefix.pch */ = {isa = PBXFileReference; lastKnownFileType = sourcecode.c.h; path = "transifoule-Prefix.pch"; sourceTree = "<group>"; };
		B035CF071583691B004855DB /* AppDelegate.h */ = {isa = PBXFileReference; lastKnownFileType = sourcecode.c.h; path = AppDelegate.h; sourceTree = "<group>"; };
		B035CF081583691B004855DB /* AppDelegate.m */ = {isa = PBXFileReference; lastKnownFileType = sourcecode.c.objc; path = AppDelegate.m; sourceTree = "<group>"; };
		B035CF0B1583691B004855DB /* en */ = {isa = PBXFileReference; lastKnownFileType = file.storyboard; name = en; path = en.lproj/MainStoryboard.storyboard; sourceTree = "<group>"; };
		B035CF0D1583691B004855DB /* FirstViewController.h */ = {isa = PBXFileReference; lastKnownFileType = sourcecode.c.h; path = FirstViewController.h; sourceTree = "<group>"; };
		B035CF0E1583691B004855DB /* FirstViewController.m */ = {isa = PBXFileReference; lastKnownFileType = sourcecode.c.objc; path = FirstViewController.m; sourceTree = "<group>"; };
		B035CF101583691B004855DB /* first.png */ = {isa = PBXFileReference; lastKnownFileType = image.png; path = first.png; sourceTree = "<group>"; };
		B035CF121583691B004855DB /* first@2x.png */ = {isa = PBXFileReference; lastKnownFileType = image.png; path = "first@2x.png"; sourceTree = "<group>"; };
		B035CF141583691B004855DB /* SecondViewController.h */ = {isa = PBXFileReference; lastKnownFileType = sourcecode.c.h; path = SecondViewController.h; sourceTree = "<group>"; };
		B035CF151583691B004855DB /* SecondViewController.m */ = {isa = PBXFileReference; lastKnownFileType = sourcecode.c.objc; path = SecondViewController.m; sourceTree = "<group>"; };
		B035CF171583691B004855DB /* second.png */ = {isa = PBXFileReference; lastKnownFileType = image.png; path = second.png; sourceTree = "<group>"; };
		B035CF191583691B004855DB /* second@2x.png */ = {isa = PBXFileReference; lastKnownFileType = image.png; path = "second@2x.png"; sourceTree = "<group>"; };
/* End PBXFileReference section */

/* Begin PBXFrameworksBuildPhase section */
		B035CEF11583691B004855DB /* Frameworks */ = {
			isa = PBXFrameworksBuildPhase;
			buildActionMask = 2147483647;
			files = (
				B035CEF91583691B004855DB /* UIKit.framework in Frameworks */,
				B035CEFB1583691B004855DB /* Foundation.framework in Frameworks */,
				B035CEFD1583691B004855DB /* CoreGraphics.framework in Frameworks */,
			);
			runOnlyForDeploymentPostprocessing = 0;
		};
/* End PBXFrameworksBuildPhase section */

/* Begin PBXGroup section */
		B035CEE91583691B004855DB = {
			isa = PBXGroup;
			children = (
				B035CEFE1583691B004855DB /* transifoule */,
				B035CEF71583691B004855DB /* Frameworks */,
				B035CEF51583691B004855DB /* Products */,
			);
			sourceTree = "<group>";
		};
		B035CEF51583691B004855DB /* Products */ = {
			isa = PBXGroup;
			children = (
				B035CEF41583691B004855DB /* transifoule.app */,
			);
			name = Products;
			sourceTree = "<group>";
		};
		B035CEF71583691B004855DB /* Frameworks */ = {
			isa = PBXGroup;
			children = (
				B035CEF81583691B004855DB /* UIKit.framework */,
				B035CEFA1583691B004855DB /* Foundation.framework */,
				B035CEFC1583691B004855DB /* CoreGraphics.framework */,
			);
			name = Frameworks;
			sourceTree = "<group>";
		};
		B035CEFE1583691B004855DB /* transifoule */ = {
			isa = PBXGroup;
			children = (
				B035CF071583691B004855DB /* AppDelegate.h */,
				B035CF081583691B004855DB /* AppDelegate.m */,
				B035CF0A1583691B004855DB /* MainStoryboard.storyboard */,
				B035CF0D1583691B004855DB /* FirstViewController.h */,
				B035CF0E1583691B004855DB /* FirstViewController.m */,
				B035CF101583691B004855DB /* first.png */,
				B035CF121583691B004855DB /* first@2x.png */,
				B035CF141583691B004855DB /* SecondViewController.h */,
				B035CF151583691B004855DB /* SecondViewController.m */,
				B035CF171583691B004855DB /* second.png */,
				B035CF191583691B004855DB /* second@2x.png */,
				B035CEFF1583691B004855DB /* Supporting Files */,
			);
			path = transifoule;
			sourceTree = "<group>";
		};
		B035CEFF1583691B004855DB /* Supporting Files */ = {
			isa = PBXGroup;
			children = (
				B035CF001583691B004855DB /* transifoule-Info.plist */,
				B035CF011583691B004855DB /* InfoPlist.strings */,
				B035CF041583691B004855DB /* main.m */,
				B035CF061583691B004855DB /* transifoule-Prefix.pch */,
			);
			name = "Supporting Files";
			sourceTree = "<group>";
		};
/* End PBXGroup section */

/* Begin PBXNativeTarget section */
		B035CEF31583691B004855DB /* transifoule */ = {
			isa = PBXNativeTarget;
			buildConfigurationList = B035CF1D1583691B004855DB /* Build configuration list for PBXNativeTarget "transifoule" */;
			buildPhases = (
				B035CEF01583691B004855DB /* Sources */,
				B035CEF11583691B004855DB /* Frameworks */,
				B035CEF21583691B004855DB /* Resources */,
			);
			buildRules = (
			);
			dependencies = (
			);
			name = transifoule;
			productName = transifoule;
			productReference = B035CEF41583691B004855DB /* transifoule.app */;
			productType = "com.apple.product-type.application";
		};
/* End PBXNativeTarget section */

/* Begin PBXProject section */
		B035CEEB1583691B004855DB /* Project object */ = {
			isa = PBXProject;
			attributes = {
				LastUpgradeCheck = 0430;
			};
			buildConfigurationList = B035CEEE1583691B004855DB /* Build configuration list for PBXProject "transifoule" */;
			compatibilityVersion = "Xcode 3.2";
			developmentRegion = English;
			hasScannedForEncodings = 0;
			knownRegions = (
				en,
			);
			mainGroup = B035CEE91583691B004855DB;
			productRefGroup = B035CEF51583691B004855DB /* Products */;
			projectDirPath = "";
			projectRoot = "";
			targets = (
				B035CEF31583691B004855DB /* transifoule */,
			);
		};
/* End PBXProject section */

/* Begin PBXResourcesBuildPhase section */
		B035CEF21583691B004855DB /* Resources */ = {
			isa = PBXResourcesBuildPhase;
			buildActionMask = 2147483647;
			files = (
				B035CF031583691B004855DB /* InfoPlist.strings in Resources */,
				B035CF0C1583691B004855DB /* MainStoryboard.storyboard in Resources */,
				B035CF111583691B004855DB /* first.png in Resources */,
				B035CF131583691B004855DB /* first@2x.png in Resources */,
				B035CF181583691B004855DB /* second.png in Resources */,
				B035CF1A1583691B004855DB /* second@2x.png in Resources */,
			);
			runOnlyForDeploymentPostprocessing = 0;
		};
/* End PBXResourcesBuildPhase section */

/* Begin PBXSourcesBuildPhase section */
		B035CEF01583691B004855DB /* Sources */ = {
			isa = PBXSourcesBuildPhase;
			buildActionMask = 2147483647;
			files = (
				B035CF051583691B004855DB /* main.m in Sources */,
				B035CF091583691B004855DB /* AppDelegate.m in Sources */,
				B035CF0F1583691B004855DB /* FirstViewController.m in Sources */,
				B035CF161583691B004855DB /* SecondViewController.m in Sources */,
			);
			runOnlyForDeploymentPostprocessing = 0;
		};
/* End PBXSourcesBuildPhase section */

/* Begin PBXVariantGroup section */
		B035CF011583691B004855DB /* InfoPlist.strings */ = {
			isa = PBXVariantGroup;
			children = (
				B035CF021583691B004855DB /* en */,
			);
			name = InfoPlist.strings;
			sourceTree = "<group>";
		};
		B035CF0A1583691B004855DB /* MainStoryboard.storyboard */ = {
			isa = PBXVariantGroup;
			children = (
				B035CF0B1583691B004855DB /* en */,
			);
			name = MainStoryboard.storyboard;
			sourceTree = "<group>";
		};
/* End PBXVariantGroup section */

/* Begin XCBuildConfiguration section */
		B035CF1B1583691B004855DB /* Debug */ = {
			isa = XCBuildConfiguration;
			buildSettings = {
				ALWAYS_SEARCH_USER_PATHS = NO;
				ARCHS = "$(ARCHS_STANDARD_32_BIT)";
				CLANG_ENABLE_OBJC_ARC = YES;
				"CODE_SIGN_IDENTITY[sdk=iphoneos*]" = "iPhone Developer";
				COPY_PHASE_STRIP = NO;
				GCC_C_LANGUAGE_STANDARD = gnu99;
				GCC_DYNAMIC_NO_PIC = NO;
				GCC_OPTIMIZATION_LEVEL = 0;
				GCC_PREPROCESSOR_DEFINITIONS = (
					"DEBUG=1",
					"$(inherited)",
				);
				GCC_SYMBOLS_PRIVATE_EXTERN = NO;
				GCC_VERSION = com.apple.compilers.llvm.clang.1_0;
				GCC_WARN_ABOUT_RETURN_TYPE = YES;
				GCC_WARN_UNINITIALIZED_AUTOS = YES;
				GCC_WARN_UNUSED_VARIABLE = YES;
				IPHONEOS_DEPLOYMENT_TARGET = 5.1;
				SDKROOT = iphoneos;
			};
			name = Debug;
		};
		B035CF1C1583691B004855DB /* Release */ = {
			isa = XCBuildConfiguration;
			buildSettings = {
				ALWAYS_SEARCH_USER_PATHS = NO;
				ARCHS = "$(ARCHS_STANDARD_32_BIT)";
				CLANG_ENABLE_OBJC_ARC = YES;
				"CODE_SIGN_IDENTITY[sdk=iphoneos*]" = "iPhone Developer";
				COPY_PHASE_STRIP = YES;
				GCC_C_LANGUAGE_STANDARD = gnu99;
				GCC_VERSION = com.apple.compilers.llvm.clang.1_0;
				GCC_WARN_ABOUT_RETURN_TYPE = YES;
				GCC_WARN_UNINITIALIZED_AUTOS = YES;
				GCC_WARN_UNUSED_VARIABLE = YES;
				IPHONEOS_DEPLOYMENT_TARGET = 5.1;
				OTHER_CFLAGS = "-DNS_BLOCK_ASSERTIONS=1";
				SDKROOT = iphoneos;
				VALIDATE_PRODUCT = YES;
			};
			name = Release;
		};
		B035CF1E1583691B004855DB /* Debug */ = {
			isa = XCBuildConfiguration;
			buildSettings = {
				GCC_PRECOMPILE_PREFIX_HEADER = YES;
				GCC_PREFIX_HEADER = "transifoule/transifoule-Prefix.pch";
				INFOPLIST_FILE = "transifoule/transifoule-Info.plist";
				PRODUCT_NAME = "$(TARGET_NAME)";
				WRAPPER_EXTENSION = app;
			};
			name = Debug;
		};
		B035CF1F1583691B004855DB /* Release */ = {
			isa = XCBuildConfiguration;
			buildSettings = {
				GCC_PRECOMPILE_PREFIX_HEADER = YES;
				GCC_PREFIX_HEADER = "transifoule/transifoule-Prefix.pch";
				INFOPLIST_FILE = "transifoule/transifoule-Info.plist";
				PRODUCT_NAME = "$(TARGET_NAME)";
				WRAPPER_EXTENSION = app;
			};
			name = Release;
		};
/* End XCBuildConfiguration section */

/* Begin XCConfigurationList section */
		B035CEEE1583691B004855DB /* Build configuration list for PBXProject "transifoule" */ = {
			isa = XCConfigurationList;
			buildConfigurations = (
				B035CF1B1583691B004855DB /* Debug */,
				B035CF1C1583691B004855DB /* Release */,
			);
			defaultConfigurationIsVisible = 0;
			defaultConfigurationName = Release;
		};
		B035CF1D1583691B004855DB /* Build configuration list for PBXNativeTarget "transifoule" */ = {
			isa = XCConfigurationList;
			buildConfigurations = (
				B035CF1E1583691B004855DB /* Debug */,
				B035CF1F1583691B004855DB /* Release */,
			);
			defaultConfigurationIsVisible = 0;
			defaultConfigurationName = Release;
		};
/* End XCConfigurationList section */
	};
	rootObject = B035CEEB1583691B004855DB /* Project object */;
}
